
Microsoft Visual Studio Solution File, Format Version 12.00
# Visual Studio Version 16
VisualStudioVersion = 16.0.31424.327
MinimumVisualStudioVersion = 10.0.40219.1
Project("{FAE04EC0-301F-11D3-BF4B-00C04F79EFBC}") = "C Sharp Class Example", "C Sharp Class Example\C Sharp Class Example.csproj", "{15A08DB0-066F-4E6D-AFD4-306A3284AAE8}"
EndProject
Global
	GlobalSection(SolutionConfigurationPlatforms) = preSolution
		Debug|Any CPU = Debug|Any CPU
		Release|Any CPU = Release|Any CPU
	EndGlobalSection
	GlobalSection(ProjectConfigurationPlatforms) = postSolution
		{15A08DB0-066F-4E6D-AFD4-306A3284AAE8}.Debug|Any CPU.ActiveCfg = Debug|Any CPU
		{15A08DB0-066F-4E6D-AFD4-306A3284AAE8}.Debug|Any CPU.Build.0 = Debug|Any CPU
		{15A08DB0-066F-4E6D-AFD4-306A3284AAE8}.Release|Any CPU.ActiveCfg = Release|Any CPU
		{15A08DB0-066F-4E6D-AFD4-306A3284AAE8}.Release|Any CPU.Build.0 = Release|Any CPU
	EndGlobalSection
	GlobalSection(SolutionProperties) = preSolution
		HideSolutionNode = FALSE
	EndGlobalSection
	GlobalSection(ExtensibilityGlobals) = postSolution
		SolutionGuid = {7464CBF7-43FB-4278-A0E1-58C094445F54}
	EndGlobalSection
EndGlobal
